
Microsoft Visual Studio Solution File, Format Version 12.00
# Visual Studio 15
VisualStudioVersion = 15.0.27703.2035
MinimumVisualStudioVersion = 10.0.40219.1
Project("{FAE04EC0-301F-11D3-BF4B-00C04F79EFBC}") = "ReplicationService", "ReplicationService\ReplicationService.csproj", "{599C908F-02E0-4330-8121-B21AED366DAE}"
EndProject
Global
	GlobalSection(SolutionConfigurationPlatforms) = preSolution
		Debug|Any CPU = Debug|Any CPU
		Release|Any CPU = Release|Any CPU
	EndGlobalSection
	GlobalSection(ProjectConfigurationPlatforms) = postSolution
		{599C908F-02E0-4330-8121-B21AED366DAE}.Debug|Any CPU.ActiveCfg = Debug|Any CPU
		{599C908F-02E0-4330-8121-B21AED366DAE}.Debug|Any CPU.Build.0 = Debug|Any CPU
		{599C908F-02E0-4330-8121-B21AED366DAE}.Release|Any CPU.ActiveCfg = Release|Any CPU
		{599C908F-02E0-4330-8121-B21AED366DAE}.Release|Any CPU.Build.0 = Release|Any CPU
	EndGlobalSection
	GlobalSection(SolutionProperties) = preSolution
		HideSolutionNode = FALSE
	EndGlobalSection
	GlobalSection(ExtensibilityGlobals) = postSolution
		SolutionGuid = {DD1D1700-0F9C-48CB-8BC9-BBC12B8A0CCA}
	EndGlobalSection
EndGlobal
